
Microsoft Visual Studio Solution File, Format Version 12.00
# Visual Studio Version 17
VisualStudioVersion = 17.3.32901.215
MinimumVisualStudioVersion = 10.0.40219.1
Project("{FAE04EC0-301F-11D3-BF4B-00C04F79EFBC}") = "UYGULAMA-25", "UYGULAMA-25\UYGULAMA-25.csproj", "{F434660B-FEA8-409C-96F8-AD9D2F32B697}"
EndProject
Global
	GlobalSection(SolutionConfigurationPlatforms) = preSolution
		Debug|Any CPU = Debug|Any CPU
		Release|Any CPU = Release|Any CPU
	EndGlobalSection
	GlobalSection(ProjectConfigurationPlatforms) = postSolution
		{F434660B-FEA8-409C-96F8-AD9D2F32B697}.Debug|Any CPU.ActiveCfg = Debug|Any CPU
		{F434660B-FEA8-409C-96F8-AD9D2F32B697}.Debug|Any CPU.Build.0 = Debug|Any CPU
		{F434660B-FEA8-409C-96F8-AD9D2F32B697}.Release|Any CPU.ActiveCfg = Release|Any CPU
		{F434660B-FEA8-409C-96F8-AD9D2F32B697}.Release|Any CPU.Build.0 = Release|Any CPU
	EndGlobalSection
	GlobalSection(SolutionProperties) = preSolution
		HideSolutionNode = FALSE
	EndGlobalSection
	GlobalSection(ExtensibilityGlobals) = postSolution
		SolutionGuid = {D2B57975-037F-459C-870B-F23E11CC813A}
	EndGlobalSection
EndGlobal
